[root]
name = "RusticMineSweeper"
version = "0.0.1"
dependencies = [
 "rand 0.3.8 (registry+https://github.com/rust-lang/crates.io-index)",
 "term-painter 0.1.1 (git+https://github.com/LukasKalbertodt/term-painter)",
]

[[package]]
name = "kernel32-sys"
version = "0.1.0"
source = "registry+https://github.com/rust-lang/crates.io-index"
dependencies = [
 "winapi 0.1.19 (registry+https://github.com/rust-lang/crates.io-index)",
]

[[package]]
name = "libc"
version = "0.1.8"
source = "registry+https://github.com/rust-lang/crates.io-index"

[[package]]
name = "rand"
version = "0.3.8"
source = "registry+https://github.com/rust-lang/crates.io-index"
dependencies = [
 "libc 0.1.8 (registry+https://github.com/rust-lang/crates.io-index)",
]

[[package]]
name = "term"
version = "0.2.7"
source = "registry+https://github.com/rust-lang/crates.io-index"
dependencies = [
 "kernel32-sys 0.1.0 (registry+https://github.com/rust-lang/crates.io-index)",
 "winapi 0.1.19 (registry+https://github.com/rust-lang/crates.io-index)",
]

[[package]]
name = "term-painter"
version = "0.1.1"
source = "git+https://github.com/LukasKalbertodt/term-painter#8c90cd65b0d4d19f1afcab9df93c99c1f7e5aab2"
dependencies = [
 "term 0.2.7 (registry+https://github.com/rust-lang/crates.io-index)",
]

[[package]]
name = "winapi"
version = "0.1.19"
source = "registry+https://github.com/rust-lang/crates.io-index"
dependencies = [
 "libc 0.1.8 (registry+https://github.com/rust-lang/crates.io-index)",
]

